{
  "name": "catfight",
  "version": "1.0.0",
  "lockfileVersion": 1,
  "requires": true,
  "dependencies": {
    "axios": {
      "version": "0.15.3",
      "resolved": "https://registry.npmjs.org/axios/-/axios-0.15.3.tgz",
      "integrity": "sha1-LJ1jiy4ZGgjqHWzJiOrda6W9wFM="
    },
    "babel-core": {
      "version": "6.25.0",
      "resolved": "https://registry.npmjs.org/babel-core/-/babel-core-6.25.0.tgz",
      "integrity": "sha1-fdQrBGPHQunVKW3rPsZ6kyLa1yk="
    },
    "babel-loader": {
      "version": "6.4.1",
      "resolved": "https://registry.npmjs.org/babel-loader/-/babel-loader-6.4.1.tgz",
      "integrity": "sha1-CzQRLVsHSKjc2/Uaz2+b1C1QuMo="
    },
    "babel-plugin-transform-object-rest-spread": {
      "version": "6.23.0",
      "resolved": "https://registry.npmjs.org/babel-plugin-transform-object-rest-spread/-/babel-plugin-transform-object-rest-spread-6.23.0.tgz",
      "integrity": "sha1-h11ryb52HFiirj/u5dxIldjH+SE=",
      "dev": true
    },
    "babel-preset-es2015": {
      "version": "6.24.1",
      "resolved": "https://registry.npmjs.org/babel-preset-es2015/-/babel-preset-es2015-6.24.1.tgz",
      "integrity": "sha1-1EBQ1rwsn+6nAqrzjXJ6AhBTiTk="
    },
    "babel-preset-react": {
      "version": "6.24.1",
      "resolved": "https://registry.npmjs.org/babel-preset-react/-/babel-preset-react-6.24.1.tgz",
      "integrity": "sha1-umnfrqRfw+xjm2pOzqbhdwLJE4A="
    },
    "bcrypt-nodejs": {
      "version": "0.0.3",
      "resolved": "https://registry.npmjs.org/bcrypt-nodejs/-/bcrypt-nodejs-0.0.3.tgz",
      "integrity": "sha1-xgkX8m3CNWYVZsaBBhwwPCsohCs="
    },
    "body-parser": {
      "version": "1.17.2",
      "resolved": "https://registry.npmjs.org/body-parser/-/body-parser-1.17.2.tgz",
      "integrity": "sha1-+IkqvI+eYn1Crtr7yma/WrmRBO4=",
      "dependencies": {
        "debug": {
          "version": "2.6.7",
          "resolved": "https://registry.npmjs.org/debug/-/debug-2.6.7.tgz",
          "integrity": "sha1-krrR9tBbu2u6Isyoi80OyJTChh4="
        }
      }
    },
    "bootstrap": {
      "version": "3.3.7",
      "resolved": "https://registry.npmjs.org/bootstrap/-/bootstrap-3.3.7.tgz",
      "integrity": "sha1-WjiTlFSfIzMIdaOxUGVldPip63E="
    },
    "bootstrap-social": {
      "version": "5.1.1",
      "resolved": "https://registry.npmjs.org/bootstrap-social/-/bootstrap-social-5.1.1.tgz",
      "integrity": "sha1-dTDGeK31bPj60/qCwp1NPl0CdQE="
    },
    "chart.js": {
      "version": "2.6.0",
      "resolved": "https://registry.npmjs.org/chart.js/-/chart.js-2.6.0.tgz",
      "integrity": "sha1-MI+aSwv+1aFUwU9d6x2UcNIqvnE="
    },
    "cookie-parser": {
      "version": "1.4.3",
      "resolved": "https://registry.npmjs.org/cookie-parser/-/cookie-parser-1.4.3.tgz",
      "integrity": "sha1-D+MfoZ0AC5X0qt8fU/3CuKIDuqU="
    },
    "css-loader": {
      "version": "0.26.4",
      "resolved": "https://registry.npmjs.org/css-loader/-/css-loader-0.26.4.tgz",
      "integrity": "sha1-th6eMNuUMD5v/IkvEOzQmtAlof0=",
      "dev": true,
      "dependencies": {
        "loader-utils": {
          "version": "1.1.0",
          "resolved": "https://registry.npmjs.org/loader-utils/-/loader-utils-1.1.0.tgz",
          "integrity": "sha1-yYrvSIvM7aL/teLeZG1qdUQp9c0="
        }
      }
    },
    "express": {
      "version": "4.15.3",
      "resolved": "https://registry.npmjs.org/express/-/express-4.15.3.tgz",
      "integrity": "sha1-urZdDwOqgMNYQIly/HAPkWlEtmI=",
      "dependencies": {
        "debug": {
          "version": "2.6.7",
          "resolved": "https://registry.npmjs.org/debug/-/debug-2.6.7.tgz",
          "integrity": "sha1-krrR9tBbu2u6Isyoi80OyJTChh4="
        }
      }
    },
    "express-session": {
      "version": "1.15.3",
      "resolved": "https://registry.npmjs.org/express-session/-/express-session-1.15.3.tgz",
      "integrity": "sha1-21RfBDWnsbIorgLagZf2UUFzXGc=",
      "dependencies": {
        "debug": {
          "version": "2.6.7",
          "resolved": "https://registry.npmjs.org/debug/-/debug-2.6.7.tgz",
          "integrity": "sha1-krrR9tBbu2u6Isyoi80OyJTChh4="
        }
      }
    },
    "express-sessions": {
      "version": "1.0.6",
      "resolved": "https://registry.npmjs.org/express-sessions/-/express-sessions-1.0.6.tgz",
      "integrity": "sha1-FYFidXg3oge498ldYu3K2G2Q8ag=",
      "dependencies": {
        "express": {
          "version": "2.5.11",
          "resolved": "https://registry.npmjs.org/express/-/express-2.5.11.tgz",
          "integrity": "sha1-TOjqHzY15p5J8Ou0l7aksKUc5vA="
        },
        "mime": {
          "version": "1.2.4",
          "resolved": "https://registry.npmjs.org/mime/-/mime-1.2.4.tgz",
          "integrity": "sha1-EbX9rynCUJJVF2uArVIClPXekrc="
        },
        "mkdirp": {
          "version": "0.3.0",
          "resolved": "https://registry.npmjs.org/mkdirp/-/mkdirp-0.3.0.tgz",
          "integrity": "sha1-G79asbqCevI1dRQ0kEJkVfSB/h4="
        },
        "qs": {
          "version": "0.4.2",
          "resolved": "https://registry.npmjs.org/qs/-/qs-0.4.2.tgz",
          "integrity": "sha1-PKxMhh43GoycR3CsI82o3mObjl8="
        }
      }
    },
    "extract-text-webpack-plugin": {
      "version": "1.0.1",
      "resolved": "https://registry.npmjs.org/extract-text-webpack-plugin/-/extract-text-webpack-plugin-1.0.1.tgz",
      "integrity": "sha1-yVvzy6rEnclvHcbgclSfu2VMzSw=",
      "dev": true,
      "dependencies": {
        "async": {
          "version": "1.5.2",
          "resolved": "https://registry.npmjs.org/async/-/async-1.5.2.tgz",
          "integrity": "sha1-7GphrlZIDAw8skHJVhjiCJL5Zyo="
        }
      }
    },
    "font-awesome": {
      "version": "4.7.0",
      "resolved": "https://registry.npmjs.org/font-awesome/-/font-awesome-4.7.0.tgz",
      "integrity": "sha1-j6jPBBGhoxr9B7BtKQK7n8gVoTM="
    },
    "jquery": {
      "version": "3.5.0",
      "resolved": "https://registry.npmjs.org/jquery/-/jquery-3.5.0.tgz",
      "integrity": "sha512-Xb7SVYMvygPxbFMpTFQiHh1J7HClEaThguL15N/Gg37Lri/qKyhRGZYzHRyLH8Stq3Aow0LsHO2O2ci86fCrNQ=="
    },
    "jsonwebtoken": {
      "version": "7.4.1",
      "resolved": "https://registry.npmjs.org/jsonwebtoken/-/jsonwebtoken-7.4.1.tgz",
      "integrity": "sha1-fKMk9SFfi+A5zTWmxFu4y3SkSPs="
    },
    "mongoose": {
      "version": "4.11.3",
      "resolved": "https://registry.npmjs.org/mongoose/-/mongoose-4.11.3.tgz",
      "integrity": "sha1-+T1CeygsLnmLD+FTL7Qafd5umNM="
    },
    "morgan": {
      "version": "1.8.2",
      "resolved": "https://registry.npmjs.org/morgan/-/morgan-1.8.2.tgz",
      "integrity": "sha1-eErHc05KRTqcbm6GgKkyknXItoc="
    },
    "nodemon": {
      "version": "1.11.0",
      "resolved": "https://registry.npmjs.org/nodemon/-/nodemon-1.11.0.tgz",
      "integrity": "sha1-ImxWK9KnsT09dRi0mtSCijYj0Gw="
    },
    "passport": {
      "version": "0.3.2",
      "resolved": "https://registry.npmjs.org/passport/-/passport-0.3.2.tgz",
      "integrity": "sha1-ndAJ+RXo/glbASSgG4+C2gdRAQI="
    },
    "passport-google-oauth20": {
      "version": "1.0.0",
      "resolved": "https://registry.npmjs.org/passport-google-oauth20/-/passport-google-oauth20-1.0.0.tgz",
      "integrity": "sha1-O5YOih1w0dvnlGFcgnxoxAOSpdA="
    },
    "q": {
      "version": "1.5.0",
      "resolved": "https://registry.npmjs.org/q/-/q-1.5.0.tgz",
      "integrity": "sha1-3QG6ydBtMObyGa7LglPunr3DCPE="
    },
    "react": {
      "version": "15.6.1",
      "resolved": "https://registry.npmjs.org/react/-/react-15.6.1.tgz",
      "integrity": "sha1-uqhDTsZ4C96ZfNw4C3nNM7ljk98="
    },
    "react-addons-css-transition-group": {
      "version": "15.6.0",
      "resolved": "https://registry.npmjs.org/react-addons-css-transition-group/-/react-addons-css-transition-group-15.6.0.tgz",
      "integrity": "sha1-aYh89uSHTSXNZuIqaZ4p8NZIq6A="
    },
    "react-bootstrap": {
      "version": "0.30.10",
      "resolved": "https://registry.npmjs.org/react-bootstrap/-/react-bootstrap-0.30.10.tgz",
      "integrity": "sha1-27ppCVlfKvTZGTfbD5bsjC3y0ag="
    },
    "react-dom": {
      "version": "15.6.1",
      "resolved": "https://registry.npmjs.org/react-dom/-/react-dom-15.6.1.tgz",
      "integrity": "sha1-LLDtQZEDjlPCCes6eaI+Kkz5lHA="
    },
    "react-motion": {
      "version": "0.4.8",
      "resolved": "https://registry.npmjs.org/react-motion/-/react-motion-0.4.8.tgz",
      "integrity": "sha1-I7st0nwtjgDSKeRVctEF789Ao14="
    },
    "react-native-animatable": {
      "version": "1.2.2",
      "resolved": "https://registry.npmjs.org/react-native-animatable/-/react-native-animatable-1.2.2.tgz",
      "integrity": "sha1-qHNVDm98uV+QuvRrnrFbGrVkJcs="
    },
    "react-redux": {
      "version": "4.4.8",
      "resolved": "https://registry.npmjs.org/react-redux/-/react-redux-4.4.8.tgz",
      "integrity": "sha1-57wd0QDotk6WrIIS2xEyObni4I8="
    },
    "react-router": {
      "version": "3.0.5",
      "resolved": "https://registry.npmjs.org/react-router/-/react-router-3.0.5.tgz",
      "integrity": "sha1-w7eHN1gEWou8lWKu9P9LyMznwTY="
    },
    "redux": {
      "version": "3.7.2",
      "resolved": "https://registry.npmjs.org/redux/-/redux-3.7.2.tgz",
      "integrity": "sha512-pNqnf9q1hI5HHZRBkj3bAngGZW/JMCmexDlOxw4XagXY2o1327nHH54LoTjiPJ0gizoqPDRqWyX/00g0hD6w+A=="
    },
    "static-site-generator-webpack-plugin": {
      "version": "3.4.1",
      "resolved": "https://registry.npmjs.org/static-site-generator-webpack-plugin/-/static-site-generator-webpack-plugin-3.4.1.tgz",
      "integrity": "sha1-buIkaIMLxUZ5ijfg/Kb9aZzJO4E=",
      "dev": true,
      "dependencies": {
        "bluebird": {
          "version": "3.5.0",
          "resolved": "https://registry.npmjs.org/bluebird/-/bluebird-3.5.0.tgz",
          "integrity": "sha1-eRQg1/VR7qKJdFOop3ZT+WYG1nw="
        },
        "source-list-map": {
          "version": "1.1.2",
          "resolved": "https://registry.npmjs.org/source-list-map/-/source-list-map-1.1.2.tgz",
          "integrity": "sha1-mIkBnRAkzOVc3AaUmDN+9hhqEaE="
        },
        "webpack-sources": {
          "version": "0.2.3",
          "resolved": "https://registry.npmjs.org/webpack-sources/-/webpack-sources-0.2.3.tgz",
          "integrity": "sha1-F8Yr+vE8cH+dAsR54Nzd6DgGl/s="
        }
      }
    },
    "style-loader": {
      "version": "0.13.2",
      "resolved": "https://registry.npmjs.org/style-loader/-/style-loader-0.13.2.tgz",
      "integrity": "sha1-dFMzhM9pjHEEx5URULSXF63C87s=",
      "dev": true,
      "dependencies": {
        "loader-utils": {
          "version": "1.1.0",
          "resolved": "https://registry.npmjs.org/loader-utils/-/loader-utils-1.1.0.tgz",
          "integrity": "sha1-yYrvSIvM7aL/teLeZG1qdUQp9c0="
        }
      }
    },
    "webpack": {
      "version": "1.15.0",
      "resolved": "https://registry.npmjs.org/webpack/-/webpack-1.15.0.tgz",
      "integrity": "sha1-T/MfU9sDM55VFkqdRo7gMklo/pg=",
      "dependencies": {
        "async": {
          "version": "1.5.2",
          "resolved": "https://registry.npmjs.org/async/-/async-1.5.2.tgz",
          "integrity": "sha1-7GphrlZIDAw8skHJVhjiCJL5Zyo="
        },
        "supports-color": {
          "version": "3.2.3",
          "resolved": "https://registry.npmjs.org/supports-color/-/supports-color-3.2.3.tgz",
          "integrity": "sha1-ZawFBLOVQXHYpklGsq48u4pfVPY="
        }
      }
    }
  }
}
